# ggen.lock — generated by `ggen sync`. Do not edit.

[packs.cyberpunk-2030-pack]
source = "path:packs/cyberpunk-2030-pack"
content_hash = "blake3:5cf89900ce566f1cbced975cb78d3ec179354f05e4b17b8aca42dc8c9f636197"

[packs.mmdio-pack]
source = "path:packs/mmdio-pack"
content_hash = "blake3:f0accc548523fbcfc45678010efde846756ac0412ca20468672eadc6a2b79f14"
